{
  "name": "@liamtownsley/easylog",
  "version": "2.0.4",
  "lockfileVersion": 2,
  "requires": true,
  "packages": {
    "": {
      "name": "@liamtownsley/easylog",
      "version": "2.0.4",
      "license": "ISC",
      "dependencies": {
        "@liamtownsley/easylog": "^2.0.4",
        "typescript": "^5.0.4"
      }
    },
    "node_modules/@liamtownsley/easylog": {
      "version": "2.0.4",
      "resolved": "https://registry.npmjs.org/@liamtownsley/easylog/-/easylog-2.0.4.tgz",
      "integrity": "sha512-rmsAnU69ybGU6QKXCiCVHx2xQI/iVjZSeD1r5CDACZzIHaAdjrkN4OVbGGte1c+MWZOPxZf5MAlOVTZvPuOS7Q==",
      "dependencies": {
        "typescript": "^5.0.4"
      }
    },
    "node_modules/typescript": {
      "version": "5.0.4",
      "resolved": "https://registry.npmjs.org/typescript/-/typescript-5.0.4.tgz",
      "integrity": "sha512-cW9T5W9xY37cc+jfEnaUvX91foxtHkza3Nw3wkoF4sSlKn0MONdkdEndig/qPBWXNkmplh3NzayQzCiHM4/hqw==",
      "bin": {
        "tsc": "bin/tsc",
        "tsserver": "bin/tsserver"
      },
      "engines": {
        "node": ">=12.20"
      }
    }
  },
  "dependencies": {
    "@liamtownsley/easylog": {
      "version": "2.0.4",
      "resolved": "https://registry.npmjs.org/@liamtownsley/easylog/-/easylog-2.0.4.tgz",
      "integrity": "sha512-rmsAnU69ybGU6QKXCiCVHx2xQI/iVjZSeD1r5CDACZzIHaAdjrkN4OVbGGte1c+MWZOPxZf5MAlOVTZvPuOS7Q==",
      "requires": {
        "typescript": "^5.0.4"
      }
    },
    "typescript": {
      "version": "5.0.4",
      "resolved": "https://registry.npmjs.org/typescript/-/typescript-5.0.4.tgz",
      "integrity": "sha512-cW9T5W9xY37cc+jfEnaUvX91foxtHkza3Nw3wkoF4sSlKn0MONdkdEndig/qPBWXNkmplh3NzayQzCiHM4/hqw=="
    }
  }
}
